
Microsoft Visual Studio Solution File, Format Version 12.00
# Visual Studio Version 17
VisualStudioVersion = 17.7.34031.279
MinimumVisualStudioVersion = 10.0.40219.1
Project("{FAE04EC0-301F-11D3-BF4B-00C04F79EFBC}") = "PasswordManager.Core", "PasswordManager.Core\PasswordManager.Core.csproj", "{3DF1B431-A7F1-4978-90E0-F8D1F797121D}"
EndProject
Project("{FAE04EC0-301F-11D3-BF4B-00C04F79EFBC}") = "PasswordManager.Desktop", "PasswordManager.Desktop\PasswordManager.Desktop.csproj", "{A6993F3B-27AD-4180-9952-8B2847916B20}"
EndProject
Global
	GlobalSection(SolutionConfigurationPlatforms) = preSolution
		Debug|Any CPU = Debug|Any CPU
		Release|Any CPU = Release|Any CPU
	EndGlobalSection
	GlobalSection(ProjectConfigurationPlatforms) = postSolution
		{3DF1B431-A7F1-4978-90E0-F8D1F797121D}.Debug|Any CPU.ActiveCfg = Debug|Any CPU
		{3DF1B431-A7F1-4978-90E0-F8D1F797121D}.Debug|Any CPU.Build.0 = Debug|Any CPU
		{3DF1B431-A7F1-4978-90E0-F8D1F797121D}.Release|Any CPU.ActiveCfg = Release|Any CPU
		{3DF1B431-A7F1-4978-90E0-F8D1F797121D}.Release|Any CPU.Build.0 = Release|Any CPU
		{A6993F3B-27AD-4180-9952-8B2847916B20}.Debug|Any CPU.ActiveCfg = Debug|Any CPU
		{A6993F3B-27AD-4180-9952-8B2847916B20}.Debug|Any CPU.Build.0 = Debug|Any CPU
		{A6993F3B-27AD-4180-9952-8B2847916B20}.Release|Any CPU.ActiveCfg = Release|Any CPU
		{A6993F3B-27AD-4180-9952-8B2847916B20}.Release|Any CPU.Build.0 = Release|Any CPU
	EndGlobalSection
	GlobalSection(SolutionProperties) = preSolution
		HideSolutionNode = FALSE
	EndGlobalSection
	GlobalSection(ExtensibilityGlobals) = postSolution
		SolutionGuid = {10CDA9ED-7E74-4475-8305-CAC8FCEC6ED5}
	EndGlobalSection
EndGlobal
